
Microsoft Visual Studio Solution File, Format Version 12.00
# Visual Studio Version 17
VisualStudioVersion = 17.4.33110.190
MinimumVisualStudioVersion = 10.0.40219.1
Project("{9A19103F-16F7-4668-BE54-9A1E7A4F7556}") = "FluentValidationApp", "FluentValidationApp\FluentValidationApp.csproj", "{95C4FC5A-29F6-424F-BC84-B6DF299F3418}"
EndProject
Project("{9A19103F-16F7-4668-BE54-9A1E7A4F7556}") = "RateLimit.API", "RateLimit.API\RateLimit.API.csproj", "{07B86184-5F87-4081-ABC9-9310F2DDC38B}"
EndProject
Project("{FAE04EC0-301F-11D3-BF4B-00C04F79EFBC}") = "SmidgeApp.Web", "SmidgeApp.Web\SmidgeApp.Web.csproj", "{0BA5DD0C-6C84-4232-8AD8-ADB8B28A9A81}"
EndProject
Project("{9A19103F-16F7-4668-BE54-9A1E7A4F7556}") = "Hangfire.Web", "Hangfire.Web\Hangfire.Web.csproj", "{E94AB1AF-7A3E-4DF6-9B3E-41D722615131}"
EndProject
Project("{9A19103F-16F7-4668-BE54-9A1E7A4F7556}") = "ErrorHandling", "ErrorHandling\ErrorHandling.csproj", "{E73A4F99-E35D-491C-B938-16B0BE35768D}"
EndProject
Global
	GlobalSection(SolutionConfigurationPlatforms) = preSolution
		Debug|Any CPU = Debug|Any CPU
		Release|Any CPU = Release|Any CPU
	EndGlobalSection
	GlobalSection(ProjectConfigurationPlatforms) = postSolution
		{95C4FC5A-29F6-424F-BC84-B6DF299F3418}.Debug|Any CPU.ActiveCfg = Debug|Any CPU
		{95C4FC5A-29F6-424F-BC84-B6DF299F3418}.Debug|Any CPU.Build.0 = Debug|Any CPU
		{95C4FC5A-29F6-424F-BC84-B6DF299F3418}.Release|Any CPU.ActiveCfg = Release|Any CPU
		{95C4FC5A-29F6-424F-BC84-B6DF299F3418}.Release|Any CPU.Build.0 = Release|Any CPU
		{07B86184-5F87-4081-ABC9-9310F2DDC38B}.Debug|Any CPU.ActiveCfg = Debug|Any CPU
		{07B86184-5F87-4081-ABC9-9310F2DDC38B}.Debug|Any CPU.Build.0 = Debug|Any CPU
		{07B86184-5F87-4081-ABC9-9310F2DDC38B}.Release|Any CPU.ActiveCfg = Release|Any CPU
		{07B86184-5F87-4081-ABC9-9310F2DDC38B}.Release|Any CPU.Build.0 = Release|Any CPU
		{0BA5DD0C-6C84-4232-8AD8-ADB8B28A9A81}.Debug|Any CPU.ActiveCfg = Debug|Any CPU
		{0BA5DD0C-6C84-4232-8AD8-ADB8B28A9A81}.Debug|Any CPU.Build.0 = Debug|Any CPU
		{0BA5DD0C-6C84-4232-8AD8-ADB8B28A9A81}.Release|Any CPU.ActiveCfg = Release|Any CPU
		{0BA5DD0C-6C84-4232-8AD8-ADB8B28A9A81}.Release|Any CPU.Build.0 = Release|Any CPU
		{E94AB1AF-7A3E-4DF6-9B3E-41D722615131}.Debug|Any CPU.ActiveCfg = Debug|Any CPU
		{E94AB1AF-7A3E-4DF6-9B3E-41D722615131}.Debug|Any CPU.Build.0 = Debug|Any CPU
		{E94AB1AF-7A3E-4DF6-9B3E-41D722615131}.Release|Any CPU.ActiveCfg = Release|Any CPU
		{E94AB1AF-7A3E-4DF6-9B3E-41D722615131}.Release|Any CPU.Build.0 = Release|Any CPU
		{E73A4F99-E35D-491C-B938-16B0BE35768D}.Debug|Any CPU.ActiveCfg = Debug|Any CPU
		{E73A4F99-E35D-491C-B938-16B0BE35768D}.Debug|Any CPU.Build.0 = Debug|Any CPU
		{E73A4F99-E35D-491C-B938-16B0BE35768D}.Release|Any CPU.ActiveCfg = Release|Any CPU
		{E73A4F99-E35D-491C-B938-16B0BE35768D}.Release|Any CPU.Build.0 = Release|Any CPU
	EndGlobalSection
	GlobalSection(SolutionProperties) = preSolution
		HideSolutionNode = FALSE
	EndGlobalSection
	GlobalSection(ExtensibilityGlobals) = postSolution
		SolutionGuid = {C60ED7CD-F626-40D9-8DC2-147A21CBD0A4}
	EndGlobalSection
EndGlobal
